// !$*UTF8*$!
{
	archiveVersion = 1;
	classes = {
	};
	objectVersion = 50;
	objects = {

/* Begin PBXBuildFile section */
		877D98B9253EDA4700EB724D /* AddFormFood.swift in Sources */ = {isa = PBXBuildFile; fileRef = 877D98B8253EDA4700EB724D /* AddFormFood.swift */; };
		87A279A52537191A00C8DF8D /* ShareBillApp.swift in Sources */ = {isa = PBXBuildFile; fileRef = 87A279A42537191A00C8DF8D /* ShareBillApp.swift */; };
		87A279A92537191C00C8DF8D /* Assets.xcassets in Resources */ = {isa = PBXBuildFile; fileRef = 87A279A82537191C00C8DF8D /* Assets.xcassets */; };
		87A279AC2537191C00C8DF8D /* Preview Assets.xcassets in Resources */ = {isa = PBXBuildFile; fileRef = 87A279AB2537191C00C8DF8D /* Preview Assets.xcassets */; };
		87A279B72537191D00C8DF8D /* ShareBillTests.swift in Sources */ = {isa = PBXBuildFile; fileRef = 87A279B62537191D00C8DF8D /* ShareBillTests.swift */; };
		87A279C22537191D00C8DF8D /* ShareBillUITests.swift in Sources */ = {isa = PBXBuildFile; fileRef = 87A279C12537191D00C8DF8D /* ShareBillUITests.swift */; };
		87A279D32537193B00C8DF8D /* Home.swift in Sources */ = {isa = PBXBuildFile; fileRef = 87A279D22537193B00C8DF8D /* Home.swift */; };
		87F5859E253DB5DD00FEB501 /* Peopledata.swift in Sources */ = {isa = PBXBuildFile; fileRef = 87F5859D253DB5DD00FEB501 /* Peopledata.swift */; };
		87F585A3253DBA8100FEB501 /* Fooddata.swift in Sources */ = {isa = PBXBuildFile; fileRef = 87F585A2253DBA8100FEB501 /* Fooddata.swift */; };
		87FA8CFB253CBE31006CDD69 /* AddFormPeople.swift in Sources */ = {isa = PBXBuildFile; fileRef = 87FA8CFA253CBE31006CDD69 /* AddFormPeople.swift */; };
/* End PBXBuildFile section */

/* Begin PBXContainerItemProxy section */
		87A279B32537191D00C8DF8D /* PBXContainerItemProxy */ = {
			isa = PBXContainerItemProxy;
			containerPortal = 87A279992537191A00C8DF8D /* Project object */;
			proxyType = 1;
			remoteGlobalIDString = 87A279A02537191A00C8DF8D;
			remoteInfo = ShareBill;
		};
		87A279BE2537191D00C8DF8D /* PBXContainerItemProxy */ = {
			isa = PBXContainerItemProxy;
			containerPortal = 87A279992537191A00C8DF8D /* Project object */;
			proxyType = 1;
			remoteGlobalIDString = 87A279A02537191A00C8DF8D;
			remoteInfo = ShareBill;
		};
/* End PBXContainerItemProxy section */

/* Begin PBXFileReference section */
		877D98B8253EDA4700EB724D /* AddFormFood.swift */ = {isa = PBXFileReference; lastKnownFileType = sourcecode.swift; path = AddFormFood.swift; sourceTree = "<group>"; };
		87A279A12537191A00C8DF8D /* ShareBill.app */ = {isa = PBXFileReference; explicitFileType = wrapper.application; includeInIndex = 0; path = ShareBill.app; sourceTree = BUILT_PRODUCTS_DIR; };
		87A279A42537191A00C8DF8D /* ShareBillApp.swift */ = {isa = PBXFileReference; lastKnownFileType = sourcecode.swift; path = ShareBillApp.swift; sourceTree = "<group>"; };
		87A279A82537191C00C8DF8D /* Assets.xcassets */ = {isa = PBXFileReference; lastKnownFileType = folder.assetcatalog; path = Assets.xcassets; sourceTree = "<group>"; };
		87A279AB2537191C00C8DF8D /* Preview Assets.xcassets */ = {isa = PBXFileReference; lastKnownFileType = folder.assetcatalog; path = "Preview Assets.xcassets"; sourceTree = "<group>"; };
		87A279AD2537191C00C8DF8D /* Info.plist */ = {isa = PBXFileReference; lastKnownFileType = text.plist.xml; path = Info.plist; sourceTree = "<group>"; };
		87A279B22537191D00C8DF8D /* ShareBillTests.xctest */ = {isa = PBXFileReference; explicitFileType = wrapper.cfbundle; includeInIndex = 0; path = ShareBillTests.xctest; sourceTree = BUILT_PRODUCTS_DIR; };
		87A279B62537191D00C8DF8D /* ShareBillTests.swift */ = {isa = PBXFileReference; lastKnownFileType = sourcecode.swift; path = ShareBillTests.swift; sourceTree = "<group>"; };
		87A279B82537191D00C8DF8D /* Info.plist */ = {isa = PBXFileReference; lastKnownFileType = text.plist.xml; path = Info.plist; sourceTree = "<group>"; };
		87A279BD2537191D00C8DF8D /* ShareBillUITests.xctest */ = {isa = PBXFileReference; explicitFileType = wrapper.cfbundle; includeInIndex = 0; path = ShareBillUITests.xctest; sourceTree = BUILT_PRODUCTS_DIR; };
		87A279C12537191D00C8DF8D /* ShareBillUITests.swift */ = {isa = PBXFileReference; lastKnownFileType = sourcecode.swift; path = ShareBillUITests.swift; sourceTree = "<group>"; };
		87A279C32537191D00C8DF8D /* Info.plist */ = {isa = PBXFileReference; lastKnownFileType = text.plist.xml; path = Info.plist; sourceTree = "<group>"; };
		87A279D22537193B00C8DF8D /* Home.swift */ = {isa = PBXFileReference; lastKnownFileType = sourcecode.swift; path = Home.swift; sourceTree = "<group>"; };
		87F5859D253DB5DD00FEB501 /* Peopledata.swift */ = {isa = PBXFileReference; lastKnownFileType = sourcecode.swift; path = Peopledata.swift; sourceTree = "<group>"; };
		87F585A2253DBA8100FEB501 /* Fooddata.swift */ = {isa = PBXFileReference; lastKnownFileType = sourcecode.swift; path = Fooddata.swift; sourceTree = "<group>"; };
		87FA8CFA253CBE31006CDD69 /* AddFormPeople.swift */ = {isa = PBXFileReference; lastKnownFileType = sourcecode.swift; path = AddFormPeople.swift; sourceTree = "<group>"; };
/* End PBXFileReference section */

/* Begin PBXFrameworksBuildPhase section */
		87A2799E2537191A00C8DF8D /* Frameworks */ = {
			isa = PBXFrameworksBuildPhase;
			buildActionMask = 2147483647;
			files = (
			);
			runOnlyForDeploymentPostprocessing = 0;
		};
		87A279AF2537191D00C8DF8D /* Frameworks */ = {
			isa = PBXFrameworksBuildPhase;
			buildActionMask = 2147483647;
			files = (
			);
			runOnlyForDeploymentPostprocessing = 0;
		};
		87A279BA2537191D00C8DF8D /* Frameworks */ = {
			isa = PBXFrameworksBuildPhase;
			buildActionMask = 2147483647;
			files = (
			);
			runOnlyForDeploymentPostprocessing = 0;
		};
/* End PBXFrameworksBuildPhase section */

/* Begin PBXGroup section */
		87A279982537191A00C8DF8D = {
			isa = PBXGroup;
			children = (
				87A279A32537191A00C8DF8D /* ShareBill */,
				87A279B52537191D00C8DF8D /* ShareBillTests */,
				87A279C02537191D00C8DF8D /* ShareBillUITests */,
				87A279A22537191A00C8DF8D /* Products */,
			);
			sourceTree = "<group>";
		};
		87A279A22537191A00C8DF8D /* Products */ = {
			isa = PBXGroup;
			children = (
				87A279A12537191A00C8DF8D /* ShareBill.app */,
				87A279B22537191D00C8DF8D /* ShareBillTests.xctest */,
				87A279BD2537191D00C8DF8D /* ShareBillUITests.xctest */,
			);
			name = Products;
			sourceTree = "<group>";
		};
		87A279A32537191A00C8DF8D /* ShareBill */ = {
			isa = PBXGroup;
			children = (
				87A279A42537191A00C8DF8D /* ShareBillApp.swift */,
				87A279D22537193B00C8DF8D /* Home.swift */,
				87FA8CFA253CBE31006CDD69 /* AddFormPeople.swift */,
				877D98B8253EDA4700EB724D /* AddFormFood.swift */,
				87A279A82537191C00C8DF8D /* Assets.xcassets */,
				87A279AD2537191C00C8DF8D /* Info.plist */,
				87A279AA2537191C00C8DF8D /* Preview Content */,
				87F5859D253DB5DD00FEB501 /* Peopledata.swift */,
				87F585A2253DBA8100FEB501 /* Fooddata.swift */,
			);
			path = ShareBill;
			sourceTree = "<group>";
		};
		87A279AA2537191C00C8DF8D /* Preview Content */ = {
			isa = PBXGroup;
			children = (
				87A279AB2537191C00C8DF8D /* Preview Assets.xcassets */,
			);
			path = "Preview Content";
			sourceTree = "<group>";
		};
		87A279B52537191D00C8DF8D /* ShareBillTests */ = {
			isa = PBXGroup;
			children = (
				87A279B62537191D00C8DF8D /* ShareBillTests.swift */,
				87A279B82537191D00C8DF8D /* Info.plist */,
			);
			path = ShareBillTests;
			sourceTree = "<group>";
		};
		87A279C02537191D00C8DF8D /* ShareBillUITests */ = {
			isa = PBXGroup;
			children = (
				87A279C12537191D00C8DF8D /* ShareBillUITests.swift */,
				87A279C32537191D00C8DF8D /* Info.plist */,
			);
			path = ShareBillUITests;
			sourceTree = "<group>";
		};
/* End PBXGroup section */

/* Begin PBXNativeTarget section */
		87A279A02537191A00C8DF8D /* ShareBill */ = {
			isa = PBXNativeTarget;
			buildConfigurationList = 87A279C62537191D00C8DF8D /* Build configuration list for PBXNativeTarget "ShareBill" */;
			buildPhases = (
				87A2799D2537191A00C8DF8D /* Sources */,
				87A2799E2537191A00C8DF8D /* Frameworks */,
				87A2799F2537191A00C8DF8D /* Resources */,
			);
			buildRules = (
			);
			dependencies = (
			);
			name = ShareBill;
			productName = ShareBill;
			productReference = 87A279A12537191A00C8DF8D /* ShareBill.app */;
			productType = "com.apple.product-type.application";
		};
		87A279B12537191D00C8DF8D /* ShareBillTests */ = {
			isa = PBXNativeTarget;
			buildConfigurationList = 87A279C92537191D00C8DF8D /* Build configuration list for PBXNativeTarget "ShareBillTests" */;
			buildPhases = (
				87A279AE2537191D00C8DF8D /* Sources */,
				87A279AF2537191D00C8DF8D /* Frameworks */,
				87A279B02537191D00C8DF8D /* Resources */,
			);
			buildRules = (
			);
			dependencies = (
				87A279B42537191D00C8DF8D /* PBXTargetDependency */,
			);
			name = ShareBillTests;
			productName = ShareBillTests;
			productReference = 87A279B22537191D00C8DF8D /* ShareBillTests.xctest */;
			productType = "com.apple.product-type.bundle.unit-test";
		};
		87A279BC2537191D00C8DF8D /* ShareBillUITests */ = {
			isa = PBXNativeTarget;
			buildConfigurationList = 87A279CC2537191D00C8DF8D /* Build configuration list for PBXNativeTarget "ShareBillUITests" */;
			buildPhases = (
				87A279B92537191D00C8DF8D /* Sources */,
				87A279BA2537191D00C8DF8D /* Frameworks */,
				87A279BB2537191D00C8DF8D /* Resources */,
			);
			buildRules = (
			);
			dependencies = (
				87A279BF2537191D00C8DF8D /* PBXTargetDependency */,
			);
			name = ShareBillUITests;
			productName = ShareBillUITests;
			productReference = 87A279BD2537191D00C8DF8D /* ShareBillUITests.xctest */;
			productType = "com.apple.product-type.bundle.ui-testing";
		};
/* End PBXNativeTarget section */

/* Begin PBXProject section */
		87A279992537191A00C8DF8D /* Project object */ = {
			isa = PBXProject;
			attributes = {
				LastSwiftUpdateCheck = 1200;
				LastUpgradeCheck = 1200;
				TargetAttributes = {
					87A279A02537191A00C8DF8D = {
						CreatedOnToolsVersion = 12.0.1;
					};
					87A279B12537191D00C8DF8D = {
						CreatedOnToolsVersion = 12.0.1;
						TestTargetID = 87A279A02537191A00C8DF8D;
					};
					87A279BC2537191D00C8DF8D = {
						CreatedOnToolsVersion = 12.0.1;
						TestTargetID = 87A279A02537191A00C8DF8D;
					};
				};
			};
			buildConfigurationList = 87A2799C2537191A00C8DF8D /* Build configuration list for PBXProject "ShareBill" */;
			compatibilityVersion = "Xcode 9.3";
			developmentRegion = en;
			hasScannedForEncodings = 0;
			knownRegions = (
				en,
				Base,
			);
			mainGroup = 87A279982537191A00C8DF8D;
			productRefGroup = 87A279A22537191A00C8DF8D /* Products */;
			projectDirPath = "";
			projectRoot = "";
			targets = (
				87A279A02537191A00C8DF8D /* ShareBill */,
				87A279B12537191D00C8DF8D /* ShareBillTests */,
				87A279BC2537191D00C8DF8D /* ShareBillUITests */,
			);
		};
/* End PBXProject section */

/* Begin PBXResourcesBuildPhase section */
		87A2799F2537191A00C8DF8D /* Resources */ = {
			isa = PBXResourcesBuildPhase;
			buildActionMask = 2147483647;
			files = (
				87A279AC2537191C00C8DF8D /* Preview Assets.xcassets in Resources */,
				87A279A92537191C00C8DF8D /* Assets.xcassets in Resources */,
			);
			runOnlyForDeploymentPostprocessing = 0;
		};
		87A279B02537191D00C8DF8D /* Resources */ = {
			isa = PBXResourcesBuildPhase;
			buildActionMask = 2147483647;
			files = (
			);
			runOnlyForDeploymentPostprocessing = 0;
		};
		87A279BB2537191D00C8DF8D /* Resources */ = {
			isa = PBXResourcesBuildPhase;
			buildActionMask = 2147483647;
			files = (
			);
			runOnlyForDeploymentPostprocessing = 0;
		};
/* End PBXResourcesBuildPhase section */

/* Begin PBXSourcesBuildPhase section */
		87A2799D2537191A00C8DF8D /* Sources */ = {
			isa = PBXSourcesBuildPhase;
			buildActionMask = 2147483647;
			files = (
				87F585A3253DBA8100FEB501 /* Fooddata.swift in Sources */,
				877D98B9253EDA4700EB724D /* AddFormFood.swift in Sources */,
				87FA8CFB253CBE31006CDD69 /* AddFormPeople.swift in Sources */,
				87A279D32537193B00C8DF8D /* Home.swift in Sources */,
				87F5859E253DB5DD00FEB501 /* Peopledata.swift in Sources */,
				87A279A52537191A00C8DF8D /* ShareBillApp.swift in Sources */,
			);
			runOnlyForDeploymentPostprocessing = 0;
		};
		87A279AE2537191D00C8DF8D /* Sources */ = {
			isa = PBXSourcesBuildPhase;
			buildActionMask = 2147483647;
			files = (
				87A279B72537191D00C8DF8D /* ShareBillTests.swift in Sources */,
			);
			runOnlyForDeploymentPostprocessing = 0;
		};
		87A279B92537191D00C8DF8D /* Sources */ = {
			isa = PBXSourcesBuildPhase;
			buildActionMask = 2147483647;
			files = (
				87A279C22537191D00C8DF8D /* ShareBillUITests.swift in Sources */,
			);
			runOnlyForDeploymentPostprocessing = 0;
		};
/* End PBXSourcesBuildPhase section */

/* Begin PBXTargetDependency section */
		87A279B42537191D00C8DF8D /* PBXTargetDependency */ = {
			isa = PBXTargetDependency;
			target = 87A279A02537191A00C8DF8D /* ShareBill */;
			targetProxy = 87A279B32537191D00C8DF8D /* PBXContainerItemProxy */;
		};
		87A279BF2537191D00C8DF8D /* PBXTargetDependency */ = {
			isa = PBXTargetDependency;
			target = 87A279A02537191A00C8DF8D /* ShareBill */;
			targetProxy = 87A279BE2537191D00C8DF8D /* PBXContainerItemProxy */;
		};
/* End PBXTargetDependency section */

/* Begin XCBuildConfiguration section */
		87A279C42537191D00C8DF8D /* Debug */ = {
			isa = XCBuildConfiguration;
			buildSettings = {
				ALWAYS_SEARCH_USER_PATHS = NO;
				CLANG_ANALYZER_NONNULL = YES;
				CLANG_ANALYZER_NUMBER_OBJECT_CONVERSION = YES_AGGRESSIVE;
				CLANG_CXX_LANGUAGE_STANDARD = "gnu++14";
				CLANG_CXX_LIBRARY = "libc++";
				CLANG_ENABLE_MODULES = YES;
				CLANG_ENABLE_OBJC_ARC = YES;
				CLANG_ENABLE_OBJC_WEAK = YES;
				CLANG_WARN_BLOCK_CAPTURE_AUTORELEASING = YES;
				CLANG_WARN_BOOL_CONVERSION = YES;
				CLANG_WARN_COMMA = YES;
				CLANG_WARN_CONSTANT_CONVERSION = YES;
				CLANG_WARN_DEPRECATED_OBJC_IMPLEMENTATIONS = YES;
				CLANG_WARN_DIRECT_OBJC_ISA_USAGE = YES_ERROR;
				CLANG_WARN_DOCUMENTATION_COMMENTS = YES;
				CLANG_WARN_EMPTY_BODY = YES;
				CLANG_WARN_ENUM_CONVERSION = YES;
				CLANG_WARN_INFINITE_RECURSION = YES;
				CLANG_WARN_INT_CONVERSION = YES;
				CLANG_WARN_NON_LITERAL_NULL_CONVERSION = YES;
				CLANG_WARN_OBJC_IMPLICIT_RETAIN_SELF = YES;
				CLANG_WARN_OBJC_LITERAL_CONVERSION = YES;
				CLANG_WARN_OBJC_ROOT_CLASS = YES_ERROR;
				CLANG_WARN_QUOTED_INCLUDE_IN_FRAMEWORK_HEADER = YES;
				CLANG_WARN_RANGE_LOOP_ANALYSIS = YES;
				CLANG_WARN_STRICT_PROTOTYPES = YES;
				CLANG_WARN_SUSPICIOUS_MOVE = YES;
				CLANG_WARN_UNGUARDED_AVAILABILITY = YES_AGGRESSIVE;
				CLANG_WARN_UNREACHABLE_CODE = YES;
				CLANG_WARN__DUPLICATE_METHOD_MATCH = YES;
				COPY_PHASE_STRIP = NO;
				DEBUG_INFORMATION_FORMAT = dwarf;
				ENABLE_STRICT_OBJC_MSGSEND = YES;
				ENABLE_TESTABILITY = YES;
				GCC_C_LANGUAGE_STANDARD = gnu11;
				GCC_DYNAMIC_NO_PIC = NO;
				GCC_NO_COMMON_BLOCKS = YES;
				GCC_OPTIMIZATION_LEVEL = 0;
				GCC_PREPROCESSOR_DEFINITIONS = (
					"DEBUG=1",
					"$(inherited)",
				);
				GCC_WARN_64_TO_32_BIT_CONVERSION = YES;
				GCC_WARN_ABOUT_RETURN_TYPE = YES_ERROR;
				GCC_WARN_UNDECLARED_SELECTOR = YES;
				GCC_WARN_UNINITIALIZED_AUTOS = YES_AGGRESSIVE;
				GCC_WARN_UNUSED_FUNCTION = YES;
				GCC_WARN_UNUSED_VARIABLE = YES;
				IPHONEOS_DEPLOYMENT_TARGET = 14.0;
				MTL_ENABLE_DEBUG_INFO = INCLUDE_SOURCE;
				MTL_FAST_MATH = YES;
				ONLY_ACTIVE_ARCH = YES;
				SDKROOT = iphoneos;
				SWIFT_ACTIVE_COMPILATION_CONDITIONS = DEBUG;
				SWIFT_OPTIMIZATION_LEVEL = "-Onone";
			};
			name = Debug;
		};
		87A279C52537191D00C8DF8D /* Release */ = {
			isa = XCBuildConfiguration;
			buildSettings = {
				ALWAYS_SEARCH_USER_PATHS = NO;
				CLANG_ANALYZER_NONNULL = YES;
				CLANG_ANALYZER_NUMBER_OBJECT_CONVERSION = YES_AGGRESSIVE;
				CLANG_CXX_LANGUAGE_STANDARD = "gnu++14";
				CLANG_CXX_LIBRARY = "libc++";
				CLANG_ENABLE_MODULES = YES;
				CLANG_ENABLE_OBJC_ARC = YES;
				CLANG_ENABLE_OBJC_WEAK = YES;
				CLANG_WARN_BLOCK_CAPTURE_AUTORELEASING = YES;
				CLANG_WARN_BOOL_CONVERSION = YES;
				CLANG_WARN_COMMA = YES;
				CLANG_WARN_CONSTANT_CONVERSION = YES;
				CLANG_WARN_DEPRECATED_OBJC_IMPLEMENTATIONS = YES;
				CLANG_WARN_DIRECT_OBJC_ISA_USAGE = YES_ERROR;
				CLANG_WARN_DOCUMENTATION_COMMENTS = YES;
				CLANG_WARN_EMPTY_BODY = YES;
				CLANG_WARN_ENUM_CONVERSION = YES;
				CLANG_WARN_INFINITE_RECURSION = YES;
				CLANG_WARN_INT_CONVERSION = YES;
				CLANG_WARN_NON_LITERAL_NULL_CONVERSION = YES;
				CLANG_WARN_OBJC_IMPLICIT_RETAIN_SELF = YES;
				CLANG_WARN_OBJC_LITERAL_CONVERSION = YES;
				CLANG_WARN_OBJC_ROOT_CLASS = YES_ERROR;
				CLANG_WARN_QUOTED_INCLUDE_IN_FRAMEWORK_HEADER = YES;
				CLANG_WARN_RANGE_LOOP_ANALYSIS = YES;
				CLANG_WARN_STRICT_PROTOTYPES = YES;
				CLANG_WARN_SUSPICIOUS_MOVE = YES;
				CLANG_WARN_UNGUARDED_AVAILABILITY = YES_AGGRESSIVE;
				CLANG_WARN_UNREACHABLE_CODE = YES;
				CLANG_WARN__DUPLICATE_METHOD_MATCH = YES;
				COPY_PHASE_STRIP = NO;
				DEBUG_INFORMATION_FORMAT = "dwarf-with-dsym";
				ENABLE_NS_ASSERTIONS = NO;
				ENABLE_STRICT_OBJC_MSGSEND = YES;
				GCC_C_LANGUAGE_STANDARD = gnu11;
				GCC_NO_COMMON_BLOCKS = YES;
				GCC_WARN_64_TO_32_BIT_CONVERSION = YES;
				GCC_WARN_ABOUT_RETURN_TYPE = YES_ERROR;
				GCC_WARN_UNDECLARED_SELECTOR = YES;
				GCC_WARN_UNINITIALIZED_AUTOS = YES_AGGRESSIVE;
				GCC_WARN_UNUSED_FUNCTION = YES;
				GCC_WARN_UNUSED_VARIABLE = YES;
				IPHONEOS_DEPLOYMENT_TARGET = 14.0;
				MTL_ENABLE_DEBUG_INFO = NO;
				MTL_FAST_MATH = YES;
				SDKROOT = iphoneos;
				SWIFT_COMPILATION_MODE = wholemodule;
				SWIFT_OPTIMIZATION_LEVEL = "-O";
				VALIDATE_PRODUCT = YES;
			};
			name = Release;
		};
		87A279C72537191D00C8DF8D /* Debug */ = {
			isa = XCBuildConfiguration;
			buildSettings = {
				ASSETCATALOG_COMPILER_APPICON_NAME = AppIcon;
				ASSETCATALOG_COMPILER_GLOBAL_ACCENT_COLOR_NAME = AccentColor;
				CODE_SIGN_STYLE = Automatic;
				DEVELOPMENT_ASSET_PATHS = "\"ShareBill/Preview Content\"";
				DEVELOPMENT_TEAM = 5FXN6H76FY;
				ENABLE_PREVIEWS = YES;
				INFOPLIST_FILE = ShareBill/Info.plist;
				IPHONEOS_DEPLOYMENT_TARGET = 14.0;
				LD_RUNPATH_SEARCH_PATHS = (
					"$(inherited)",
					"@executable_path/Frameworks",
				);
				PRODUCT_BUNDLE_IDENTIFIER = Ds42713.ShareBill;
				PRODUCT_NAME = "$(TARGET_NAME)";
				SWIFT_VERSION = 5.0;
				TARGETED_DEVICE_FAMILY = "1,2";
			};
			name = Debug;
		};
		87A279C82537191D00C8DF8D /* Release */ = {
			isa = XCBuildConfiguration;
			buildSettings = {
				ASSETCATALOG_COMPILER_APPICON_NAME = AppIcon;
				ASSETCATALOG_COMPILER_GLOBAL_ACCENT_COLOR_NAME = AccentColor;
				CODE_SIGN_STYLE = Automatic;
				DEVELOPMENT_ASSET_PATHS = "\"ShareBill/Preview Content\"";
				DEVELOPMENT_TEAM = 5FXN6H76FY;
				ENABLE_PREVIEWS = YES;
				INFOPLIST_FILE = ShareBill/Info.plist;
				IPHONEOS_DEPLOYMENT_TARGET = 14.0;
				LD_RUNPATH_SEARCH_PATHS = (
					"$(inherited)",
					"@executable_path/Frameworks",
				);
				PRODUCT_BUNDLE_IDENTIFIER = Ds42713.ShareBill;
				PRODUCT_NAME = "$(TARGET_NAME)";
				SWIFT_VERSION = 5.0;
				TARGETED_DEVICE_FAMILY = "1,2";
			};
			name = Release;
		};
		87A279CA2537191D00C8DF8D /* Debug */ = {
			isa = XCBuildConfiguration;
			buildSettings = {
				ALWAYS_EMBED_SWIFT_STANDARD_LIBRARIES = YES;
				BUNDLE_LOADER = "$(TEST_HOST)";
				CODE_SIGN_STYLE = Automatic;
				DEVELOPMENT_TEAM = 5FXN6H76FY;
				INFOPLIST_FILE = ShareBillTests/Info.plist;
				IPHONEOS_DEPLOYMENT_TARGET = 14.0;
				LD_RUNPATH_SEARCH_PATHS = (
					"$(inherited)",
					"@executable_path/Frameworks",
					"@loader_path/Frameworks",
				);
				PRODUCT_BUNDLE_IDENTIFIER = Ds42713.ShareBillTests;
				PRODUCT_NAME = "$(TARGET_NAME)";
				SWIFT_VERSION = 5.0;
				TARGETED_DEVICE_FAMILY = "1,2";
				TEST_HOST = "$(BUILT_PRODUCTS_DIR)/ShareBill.app/ShareBill";
			};
			name = Debug;
		};
		87A279CB2537191D00C8DF8D /* Release */ = {
			isa = XCBuildConfiguration;
			buildSettings = {
				ALWAYS_EMBED_SWIFT_STANDARD_LIBRARIES = YES;
				BUNDLE_LOADER = "$(TEST_HOST)";
				CODE_SIGN_STYLE = Automatic;
				DEVELOPMENT_TEAM = 5FXN6H76FY;
				INFOPLIST_FILE = ShareBillTests/Info.plist;
				IPHONEOS_DEPLOYMENT_TARGET = 14.0;
				LD_RUNPATH_SEARCH_PATHS = (
					"$(inherited)",
					"@executable_path/Frameworks",
					"@loader_path/Frameworks",
				);
				PRODUCT_BUNDLE_IDENTIFIER = Ds42713.ShareBillTests;
				PRODUCT_NAME = "$(TARGET_NAME)";
				SWIFT_VERSION = 5.0;
				TARGETED_DEVICE_FAMILY = "1,2";
				TEST_HOST = "$(BUILT_PRODUCTS_DIR)/ShareBill.app/ShareBill";
			};
			name = Release;
		};
		87A279CD2537191D00C8DF8D /* Debug */ = {
			isa = XCBuildConfiguration;
			buildSettings = {
				ALWAYS_EMBED_SWIFT_STANDARD_LIBRARIES = YES;
				CODE_SIGN_STYLE = Automatic;
				DEVELOPMENT_TEAM = 5FXN6H76FY;
				INFOPLIST_FILE = ShareBillUITests/Info.plist;
				LD_RUNPATH_SEARCH_PATHS = (
					"$(inherited)",
					"@executable_path/Frameworks",
					"@loader_path/Frameworks",
				);
				PRODUCT_BUNDLE_IDENTIFIER = Ds42713.ShareBillUITests;
				PRODUCT_NAME = "$(TARGET_NAME)";
				SWIFT_VERSION = 5.0;
				TARGETED_DEVICE_FAMILY = "1,2";
				TEST_TARGET_NAME = ShareBill;
			};
			name = Debug;
		};
		87A279CE2537191D00C8DF8D /* Release */ = {
			isa = XCBuildConfiguration;
			buildSettings = {
				ALWAYS_EMBED_SWIFT_STANDARD_LIBRARIES = YES;
				CODE_SIGN_STYLE = Automatic;
				DEVELOPMENT_TEAM = 5FXN6H76FY;
				INFOPLIST_FILE = ShareBillUITests/Info.plist;
				LD_RUNPATH_SEARCH_PATHS = (
					"$(inherited)",
					"@executable_path/Frameworks",
					"@loader_path/Frameworks",
				);
				PRODUCT_BUNDLE_IDENTIFIER = Ds42713.ShareBillUITests;
				PRODUCT_NAME = "$(TARGET_NAME)";
				SWIFT_VERSION = 5.0;
				TARGETED_DEVICE_FAMILY = "1,2";
				TEST_TARGET_NAME = ShareBill;
			};
			name = Release;
		};
/* End XCBuildConfiguration section */

/* Begin XCConfigurationList section */
		87A2799C2537191A00C8DF8D /* Build configuration list for PBXProject "ShareBill" */ = {
			isa = XCConfigurationList;
			buildConfigurations = (
				87A279C42537191D00C8DF8D /* Debug */,
				87A279C52537191D00C8DF8D /* Release */,
			);
			defaultConfigurationIsVisible = 0;
			defaultConfigurationName = Release;
		};
		87A279C62537191D00C8DF8D /* Build configuration list for PBXNativeTarget "ShareBill" */ = {
			isa = XCConfigurationList;
			buildConfigurations = (
				87A279C72537191D00C8DF8D /* Debug */,
				87A279C82537191D00C8DF8D /* Release */,
			);
			defaultConfigurationIsVisible = 0;
			defaultConfigurationName = Release;
		};
		87A279C92537191D00C8DF8D /* Build configuration list for PBXNativeTarget "ShareBillTests" */ = {
			isa = XCConfigurationList;
			buildConfigurations = (
				87A279CA2537191D00C8DF8D /* Debug */,
				87A279CB2537191D00C8DF8D /* Release */,
			);
			defaultConfigurationIsVisible = 0;
			defaultConfigurationName = Release;
		};
		87A279CC2537191D00C8DF8D /* Build configuration list for PBXNativeTarget "ShareBillUITests" */ = {
			isa = XCConfigurationList;
			buildConfigurations = (
				87A279CD2537191D00C8DF8D /* Debug */,
				87A279CE2537191D00C8DF8D /* Release */,
			);
			defaultConfigurationIsVisible = 0;
			defaultConfigurationName = Release;
		};
/* End XCConfigurationList section */
	};
	rootObject = 87A279992537191A00C8DF8D /* Project object */;
}
